// !$*UTF8*$!
{
	archiveVersion = 1;
	classes = {
	};
	objectVersion = 77;
	objects = {

/* Begin PBXBuildFile section */
		A03493FE2D8D103C000E6795 /* HomeView.swift in Sources */ = {isa = PBXBuildFile; fileRef = A03493FD2D8D103B000E6795 /* HomeView.swift */; };
		A03494012D8D1181000E6795 /* LookinServer in Frameworks */ = {isa = PBXBuildFile; productRef = A03494002D8D1181000E6795 /* LookinServer */; };
		A03494042D8D13A1000E6795 /* CombineMoya in Frameworks */ = {isa = PBXBuildFile; productRef = A03494032D8D13A1000E6795 /* CombineMoya */; };
		A03494062D8D13A1000E6795 /* Moya in Frameworks */ = {isa = PBXBuildFile; productRef = A03494052D8D13A1000E6795 /* Moya */; };
		A03494082D8D3249000E6795 /* HomeAPI.swift in Sources */ = {isa = PBXBuildFile; fileRef = A03494072D8D3248000E6795 /* HomeAPI.swift */; };
		A034940A2D8D327C000E6795 /* HomeViewModel.swift in Sources */ = {isa = PBXBuildFile; fileRef = A03494092D8D3274000E6795 /* HomeViewModel.swift */; };
		A034940C2D8D32C9000E6795 /* DecisionView.swift in Sources */ = {isa = PBXBuildFile; fileRef = A034940B2D8D32C8000E6795 /* DecisionView.swift */; };
		A034940F2D8D386B000E6795 /* SwiftyJSON.swift in Sources */ = {isa = PBXBuildFile; fileRef = A034940E2D8D386B000E6795 /* SwiftyJSON.swift */; };
		A03494162D8D413D000E6795 /* HomeResponse.swift in Sources */ = {isa = PBXBuildFile; fileRef = A03494152D8D413C000E6795 /* HomeResponse.swift */; };
		A09B18BB2D8BEDB80039AB93 /* Preview Assets.xcassets in Resources */ = {isa = PBXBuildFile; fileRef = A09B18B52D8BEDB80039AB93 /* Preview Assets.xcassets */; };
		A09B18BC2D8BEDB80039AB93 /* Assets.xcassets in Resources */ = {isa = PBXBuildFile; fileRef = A09B18B72D8BEDB80039AB93 /* Assets.xcassets */; };
		A09B18BD2D8BEDB80039AB93 /* ContentView.swift in Sources */ = {isa = PBXBuildFile; fileRef = A09B18B82D8BEDB80039AB93 /* ContentView.swift */; };
		A09B18BE2D8BEDB80039AB93 /* ZhongYangQiXiangApp.swift in Sources */ = {isa = PBXBuildFile; fileRef = A09B18B92D8BEDB80039AB93 /* ZhongYangQiXiangApp.swift */; };
/* End PBXBuildFile section */

/* Begin PBXFileReference section */
		A03493FD2D8D103B000E6795 /* HomeView.swift */ = {isa = PBXFileReference; lastKnownFileType = sourcecode.swift; path = HomeView.swift; sourceTree = "<group>"; };
		A03494072D8D3248000E6795 /* HomeAPI.swift */ = {isa = PBXFileReference; lastKnownFileType = sourcecode.swift; path = HomeAPI.swift; sourceTree = "<group>"; };
		A03494092D8D3274000E6795 /* HomeViewModel.swift */ = {isa = PBXFileReference; lastKnownFileType = sourcecode.swift; path = HomeViewModel.swift; sourceTree = "<group>"; };
		A034940B2D8D32C8000E6795 /* DecisionView.swift */ = {isa = PBXFileReference; lastKnownFileType = sourcecode.swift; path = DecisionView.swift; sourceTree = "<group>"; };
		A034940D2D8D376B000E6795 /* Info.plist */ = {isa = PBXFileReference; lastKnownFileType = text.plist; path = Info.plist; sourceTree = "<group>"; };
		A034940E2D8D386B000E6795 /* SwiftyJSON.swift */ = {isa = PBXFileReference; lastKnownFileType = sourcecode.swift; path = SwiftyJSON.swift; sourceTree = "<group>"; };
		A03494152D8D413C000E6795 /* HomeResponse.swift */ = {isa = PBXFileReference; lastKnownFileType = sourcecode.swift; path = HomeResponse.swift; sourceTree = "<group>"; };
		A09B18A42D8BEDA10039AB93 /* ZhongYangQiXiang.app */ = {isa = PBXFileReference; explicitFileType = wrapper.application; includeInIndex = 0; path = ZhongYangQiXiang.app; sourceTree = BUILT_PRODUCTS_DIR; };
		A09B18B52D8BEDB80039AB93 /* Preview Assets.xcassets */ = {isa = PBXFileReference; lastKnownFileType = folder.assetcatalog; path = "Preview Assets.xcassets"; sourceTree = "<group>"; };
		A09B18B72D8BEDB80039AB93 /* Assets.xcassets */ = {isa = PBXFileReference; lastKnownFileType = folder.assetcatalog; path = Assets.xcassets; sourceTree = "<group>"; };
		A09B18B82D8BEDB80039AB93 /* ContentView.swift */ = {isa = PBXFileReference; lastKnownFileType = sourcecode.swift; path = ContentView.swift; sourceTree = "<group>"; };
		A09B18B92D8BEDB80039AB93 /* ZhongYangQiXiangApp.swift */ = {isa = PBXFileReference; lastKnownFileType = sourcecode.swift; path = ZhongYangQiXiangApp.swift; sourceTree = "<group>"; };
/* End PBXFileReference section */

/* Begin PBXFrameworksBuildPhase section */
		A09B18A12D8BEDA10039AB93 /* Frameworks */ = {
			isa = PBXFrameworksBuildPhase;
			buildActionMask = 2147483647;
			files = (
				A03494042D8D13A1000E6795 /* CombineMoya in Frameworks */,
				A03494012D8D1181000E6795 /* LookinServer in Frameworks */,
				A03494062D8D13A1000E6795 /* Moya in Frameworks */,
			);
			runOnlyForDeploymentPostprocessing = 0;
		};
/* End PBXFrameworksBuildPhase section */

/* Begin PBXGroup section */
		A03494102D8D40D5000E6795 /* Home */ = {
			isa = PBXGroup;
			children = (
				A03494172D8D41A4000E6795 /* ViewModels */,
				A03494142D8D4108000E6795 /* Utilities */,
				A03494132D8D40FC000E6795 /* Views */,
				A03494122D8D40EE000E6795 /* Networking */,
				A03494112D8D40E1000E6795 /* Models */,
			);
			path = Home;
			sourceTree = "<group>";
		};
		A03494112D8D40E1000E6795 /* Models */ = {
			isa = PBXGroup;
			children = (
				A03494152D8D413C000E6795 /* HomeResponse.swift */,
			);
			path = Models;
			sourceTree = "<group>";
		};
		A03494122D8D40EE000E6795 /* Networking */ = {
			isa = PBXGroup;
			children = (
				A03494072D8D3248000E6795 /* HomeAPI.swift */,
			);
			path = Networking;
			sourceTree = "<group>";
		};
		A03494132D8D40FC000E6795 /* Views */ = {
			isa = PBXGroup;
			children = (
				A03493FD2D8D103B000E6795 /* HomeView.swift */,
			);
			path = Views;
			sourceTree = "<group>";
		};
		A03494142D8D4108000E6795 /* Utilities */ = {
			isa = PBXGroup;
			children = (
				A034940E2D8D386B000E6795 /* SwiftyJSON.swift */,
			);
			path = Utilities;
			sourceTree = "<group>";
		};
		A03494172D8D41A4000E6795 /* ViewModels */ = {
			isa = PBXGroup;
			children = (
				A03494092D8D3274000E6795 /* HomeViewModel.swift */,
			);
			path = ViewModels;
			sourceTree = "<group>";
		};
		A09B189B2D8BEDA10039AB93 = {
			isa = PBXGroup;
			children = (
				A09B18BA2D8BEDB80039AB93 /* ZhongYangQiXiang */,
				A09B18A52D8BEDA10039AB93 /* Products */,
			);
			sourceTree = "<group>";
		};
		A09B18A52D8BEDA10039AB93 /* Products */ = {
			isa = PBXGroup;
			children = (
				A09B18A42D8BEDA10039AB93 /* ZhongYangQiXiang.app */,
			);
			name = Products;
			sourceTree = "<group>";
		};
		A09B18B62D8BEDB80039AB93 /* Preview Content */ = {
			isa = PBXGroup;
			children = (
				A09B18B52D8BEDB80039AB93 /* Preview Assets.xcassets */,
			);
			path = "Preview Content";
			sourceTree = "<group>";
		};
		A09B18BA2D8BEDB80039AB93 /* ZhongYangQiXiang */ = {
			isa = PBXGroup;
			children = (
				A034940D2D8D376B000E6795 /* Info.plist */,
				A09B18B62D8BEDB80039AB93 /* Preview Content */,
				A09B18B72D8BEDB80039AB93 /* Assets.xcassets */,
				A09B18B82D8BEDB80039AB93 /* ContentView.swift */,
				A03494102D8D40D5000E6795 /* Home */,
				A09B18B92D8BEDB80039AB93 /* ZhongYangQiXiangApp.swift */,
				A034940B2D8D32C8000E6795 /* DecisionView.swift */,
			);
			path = ZhongYangQiXiang;
			sourceTree = "<group>";
		};
/* End PBXGroup section */

/* Begin PBXNativeTarget section */
		A09B18A32D8BEDA10039AB93 /* ZhongYangQiXiang */ = {
			isa = PBXNativeTarget;
			buildConfigurationList = A09B18B22D8BEDA20039AB93 /* Build configuration list for PBXNativeTarget "ZhongYangQiXiang" */;
			buildPhases = (
				A09B18A02D8BEDA10039AB93 /* Sources */,
				A09B18A12D8BEDA10039AB93 /* Frameworks */,
				A09B18A22D8BEDA10039AB93 /* Resources */,
			);
			buildRules = (
			);
			dependencies = (
			);
			name = ZhongYangQiXiang;
			packageProductDependencies = (
				A03494002D8D1181000E6795 /* LookinServer */,
				A03494032D8D13A1000E6795 /* CombineMoya */,
				A03494052D8D13A1000E6795 /* Moya */,
			);
			productName = ZhongYangQiXiang;
			productReference = A09B18A42D8BEDA10039AB93 /* ZhongYangQiXiang.app */;
			productType = "com.apple.product-type.application";
		};
/* End PBXNativeTarget section */

/* Begin PBXProject section */
		A09B189C2D8BEDA10039AB93 /* Project object */ = {
			isa = PBXProject;
			attributes = {
				BuildIndependentTargetsInParallel = 1;
				LastSwiftUpdateCheck = 1620;
				LastUpgradeCheck = 1620;
				TargetAttributes = {
					A09B18A32D8BEDA10039AB93 = {
						CreatedOnToolsVersion = 16.2;
					};
				};
			};
			buildConfigurationList = A09B189F2D8BEDA10039AB93 /* Build configuration list for PBXProject "ZhongYangQiXiang" */;
			developmentRegion = en;
			hasScannedForEncodings = 0;
			knownRegions = (
				en,
				Base,
			);
			mainGroup = A09B189B2D8BEDA10039AB93;
			minimizedProjectReferenceProxies = 1;
			packageReferences = (
				A03493FF2D8D1181000E6795 /* XCLocalSwiftPackageReference "../../Downloads/LookinServer-develop" */,
				A03494022D8D13A1000E6795 /* XCRemoteSwiftPackageReference "Moya" */,
			);
			preferredProjectObjectVersion = 77;
			productRefGroup = A09B18A52D8BEDA10039AB93 /* Products */;
			projectDirPath = "";
			projectRoot = "";
			targets = (
				A09B18A32D8BEDA10039AB93 /* ZhongYangQiXiang */,
			);
		};
/* End PBXProject section */

/* Begin PBXResourcesBuildPhase section */
		A09B18A22D8BEDA10039AB93 /* Resources */ = {
			isa = PBXResourcesBuildPhase;
			buildActionMask = 2147483647;
			files = (
				A09B18BB2D8BEDB80039AB93 /* Preview Assets.xcassets in Resources */,
				A09B18BC2D8BEDB80039AB93 /* Assets.xcassets in Resources */,
			);
			runOnlyForDeploymentPostprocessing = 0;
		};
/* End PBXResourcesBuildPhase section */

/* Begin PBXSourcesBuildPhase section */
		A09B18A02D8BEDA10039AB93 /* Sources */ = {
			isa = PBXSourcesBuildPhase;
			buildActionMask = 2147483647;
			files = (
				A034940C2D8D32C9000E6795 /* DecisionView.swift in Sources */,
				A03493FE2D8D103C000E6795 /* HomeView.swift in Sources */,
				A03494162D8D413D000E6795 /* HomeResponse.swift in Sources */,
				A09B18BD2D8BEDB80039AB93 /* ContentView.swift in Sources */,
				A03494082D8D3249000E6795 /* HomeAPI.swift in Sources */,
				A09B18BE2D8BEDB80039AB93 /* ZhongYangQiXiangApp.swift in Sources */,
				A034940F2D8D386B000E6795 /* SwiftyJSON.swift in Sources */,
				A034940A2D8D327C000E6795 /* HomeViewModel.swift in Sources */,
			);
			runOnlyForDeploymentPostprocessing = 0;
		};
/* End PBXSourcesBuildPhase section */

/* Begin XCBuildConfiguration section */
		A09B18B02D8BEDA20039AB93 /* Debug */ = {
			isa = XCBuildConfiguration;
			buildSettings = {
				ALWAYS_SEARCH_USER_PATHS = NO;
				ASSETCATALOG_COMPILER_GENERATE_SWIFT_ASSET_SYMBOL_EXTENSIONS = YES;
				CLANG_ANALYZER_NONNULL = YES;
				CLANG_ANALYZER_NUMBER_OBJECT_CONVERSION = YES_AGGRESSIVE;
				CLANG_CXX_LANGUAGE_STANDARD = "gnu++20";
				CLANG_ENABLE_MODULES = YES;
				CLANG_ENABLE_OBJC_ARC = YES;
				CLANG_ENABLE_OBJC_WEAK = YES;
				CLANG_WARN_BLOCK_CAPTURE_AUTORELEASING = YES;
				CLANG_WARN_BOOL_CONVERSION = YES;
				CLANG_WARN_COMMA = YES;
				CLANG_WARN_CONSTANT_CONVERSION = YES;
				CLANG_WARN_DEPRECATED_OBJC_IMPLEMENTATIONS = YES;
				CLANG_WARN_DIRECT_OBJC_ISA_USAGE = YES_ERROR;
				CLANG_WARN_DOCUMENTATION_COMMENTS = YES;
				CLANG_WARN_EMPTY_BODY = YES;
				CLANG_WARN_ENUM_CONVERSION = YES;
				CLANG_WARN_INFINITE_RECURSION = YES;
				CLANG_WARN_INT_CONVERSION = YES;
				CLANG_WARN_NON_LITERAL_NULL_CONVERSION = YES;
				CLANG_WARN_OBJC_IMPLICIT_RETAIN_SELF = YES;
				CLANG_WARN_OBJC_LITERAL_CONVERSION = YES;
				CLANG_WARN_OBJC_ROOT_CLASS = YES_ERROR;
				CLANG_WARN_QUOTED_INCLUDE_IN_FRAMEWORK_HEADER = YES;
				CLANG_WARN_RANGE_LOOP_ANALYSIS = YES;
				CLANG_WARN_STRICT_PROTOTYPES = YES;
				CLANG_WARN_SUSPICIOUS_MOVE = YES;
				CLANG_WARN_UNGUARDED_AVAILABILITY = YES_AGGRESSIVE;
				CLANG_WARN_UNREACHABLE_CODE = YES;
				CLANG_WARN__DUPLICATE_METHOD_MATCH = YES;
				COPY_PHASE_STRIP = NO;
				DEBUG_INFORMATION_FORMAT = dwarf;
				ENABLE_STRICT_OBJC_MSGSEND = YES;
				ENABLE_TESTABILITY = YES;
				ENABLE_USER_SCRIPT_SANDBOXING = YES;
				GCC_C_LANGUAGE_STANDARD = gnu17;
				GCC_DYNAMIC_NO_PIC = NO;
				GCC_NO_COMMON_BLOCKS = YES;
				GCC_OPTIMIZATION_LEVEL = 0;
				GCC_PREPROCESSOR_DEFINITIONS = (
					"DEBUG=1",
					"$(inherited)",
				);
				GCC_WARN_64_TO_32_BIT_CONVERSION = YES;
				GCC_WARN_ABOUT_RETURN_TYPE = YES_ERROR;
				GCC_WARN_UNDECLARED_SELECTOR = YES;
				GCC_WARN_UNINITIALIZED_AUTOS = YES_AGGRESSIVE;
				GCC_WARN_UNUSED_FUNCTION = YES;
				GCC_WARN_UNUSED_VARIABLE = YES;
				IPHONEOS_DEPLOYMENT_TARGET = 18.2;
				LOCALIZATION_PREFERS_STRING_CATALOGS = YES;
				MTL_ENABLE_DEBUG_INFO = INCLUDE_SOURCE;
				MTL_FAST_MATH = YES;
				ONLY_ACTIVE_ARCH = YES;
				SDKROOT = iphoneos;
				SWIFT_ACTIVE_COMPILATION_CONDITIONS = "DEBUG $(inherited)";
				SWIFT_OPTIMIZATION_LEVEL = "-Onone";
			};
			name = Debug;
		};
		A09B18B12D8BEDA20039AB93 /* Release */ = {
			isa = XCBuildConfiguration;
			buildSettings = {
				ALWAYS_SEARCH_USER_PATHS = NO;
				ASSETCATALOG_COMPILER_GENERATE_SWIFT_ASSET_SYMBOL_EXTENSIONS = YES;
				CLANG_ANALYZER_NONNULL = YES;
				CLANG_ANALYZER_NUMBER_OBJECT_CONVERSION = YES_AGGRESSIVE;
				CLANG_CXX_LANGUAGE_STANDARD = "gnu++20";
				CLANG_ENABLE_MODULES = YES;
				CLANG_ENABLE_OBJC_ARC = YES;
				CLANG_ENABLE_OBJC_WEAK = YES;
				CLANG_WARN_BLOCK_CAPTURE_AUTORELEASING = YES;
				CLANG_WARN_BOOL_CONVERSION = YES;
				CLANG_WARN_COMMA = YES;
				CLANG_WARN_CONSTANT_CONVERSION = YES;
				CLANG_WARN_DEPRECATED_OBJC_IMPLEMENTATIONS = YES;
				CLANG_WARN_DIRECT_OBJC_ISA_USAGE = YES_ERROR;
				CLANG_WARN_DOCUMENTATION_COMMENTS = YES;
				CLANG_WARN_EMPTY_BODY = YES;
				CLANG_WARN_ENUM_CONVERSION = YES;
				CLANG_WARN_INFINITE_RECURSION = YES;
				CLANG_WARN_INT_CONVERSION = YES;
				CLANG_WARN_NON_LITERAL_NULL_CONVERSION = YES;
				CLANG_WARN_OBJC_IMPLICIT_RETAIN_SELF = YES;
				CLANG_WARN_OBJC_LITERAL_CONVERSION = YES;
				CLANG_WARN_OBJC_ROOT_CLASS = YES_ERROR;
				CLANG_WARN_QUOTED_INCLUDE_IN_FRAMEWORK_HEADER = YES;
				CLANG_WARN_RANGE_LOOP_ANALYSIS = YES;
				CLANG_WARN_STRICT_PROTOTYPES = YES;
				CLANG_WARN_SUSPICIOUS_MOVE = YES;
				CLANG_WARN_UNGUARDED_AVAILABILITY = YES_AGGRESSIVE;
				CLANG_WARN_UNREACHABLE_CODE = YES;
				CLANG_WARN__DUPLICATE_METHOD_MATCH = YES;
				COPY_PHASE_STRIP = NO;
				DEBUG_INFORMATION_FORMAT = "dwarf-with-dsym";
				ENABLE_NS_ASSERTIONS = NO;
				ENABLE_STRICT_OBJC_MSGSEND = YES;
				ENABLE_USER_SCRIPT_SANDBOXING = YES;
				GCC_C_LANGUAGE_STANDARD = gnu17;
				GCC_NO_COMMON_BLOCKS = YES;
				GCC_WARN_64_TO_32_BIT_CONVERSION = YES;
				GCC_WARN_ABOUT_RETURN_TYPE = YES_ERROR;
				GCC_WARN_UNDECLARED_SELECTOR = YES;
				GCC_WARN_UNINITIALIZED_AUTOS = YES_AGGRESSIVE;
				GCC_WARN_UNUSED_FUNCTION = YES;
				GCC_WARN_UNUSED_VARIABLE = YES;
				IPHONEOS_DEPLOYMENT_TARGET = 18.2;
				LOCALIZATION_PREFERS_STRING_CATALOGS = YES;
				MTL_ENABLE_DEBUG_INFO = NO;
				MTL_FAST_MATH = YES;
				SDKROOT = iphoneos;
				SWIFT_COMPILATION_MODE = wholemodule;
				VALIDATE_PRODUCT = YES;
			};
			name = Release;
		};
		A09B18B32D8BEDA20039AB93 /* Debug */ = {
			isa = XCBuildConfiguration;
			buildSettings = {
				ASSETCATALOG_COMPILER_APPICON_NAME = AppIcon;
				ASSETCATALOG_COMPILER_GLOBAL_ACCENT_COLOR_NAME = AccentColor;
				CODE_SIGN_STYLE = Automatic;
				CURRENT_PROJECT_VERSION = 1;
				DEVELOPMENT_ASSET_PATHS = "\"ZhongYangQiXiang/Preview Content\"";
				DEVELOPMENT_TEAM = V6654Q78C4;
				ENABLE_PREVIEWS = YES;
				GENERATE_INFOPLIST_FILE = YES;
				INFOPLIST_FILE = ZhongYangQiXiang/Info.plist;
				INFOPLIST_KEY_UIApplicationSceneManifest_Generation = YES;
				INFOPLIST_KEY_UIApplicationSupportsIndirectInputEvents = YES;
				INFOPLIST_KEY_UILaunchScreen_Generation = YES;
				INFOPLIST_KEY_UISupportedInterfaceOrientations_iPad = "UIInterfaceOrientationPortrait UIInterfaceOrientationPortraitUpsideDown UIInterfaceOrientationLandscapeLeft UIInterfaceOrientationLandscapeRight";
				INFOPLIST_KEY_UISupportedInterfaceOrientations_iPhone = "UIInterfaceOrientationPortrait UIInterfaceOrientationLandscapeLeft UIInterfaceOrientationLandscapeRight";
				LD_RUNPATH_SEARCH_PATHS = (
					"$(inherited)",
					"@executable_path/Frameworks",
				);
				MARKETING_VERSION = 1.0;
				PRODUCT_BUNDLE_IDENTIFIER = com.fyqx.www.ZhongYangQiXiang;
				PRODUCT_NAME = "$(TARGET_NAME)";
				SWIFT_EMIT_LOC_STRINGS = YES;
				SWIFT_VERSION = 5.0;
				TARGETED_DEVICE_FAMILY = "1,2";
			};
			name = Debug;
		};
		A09B18B42D8BEDA20039AB93 /* Release */ = {
			isa = XCBuildConfiguration;
			buildSettings = {
				ASSETCATALOG_COMPILER_APPICON_NAME = AppIcon;
				ASSETCATALOG_COMPILER_GLOBAL_ACCENT_COLOR_NAME = AccentColor;
				CODE_SIGN_STYLE = Automatic;
				CURRENT_PROJECT_VERSION = 1;
				DEVELOPMENT_ASSET_PATHS = "\"ZhongYangQiXiang/Preview Content\"";
				DEVELOPMENT_TEAM = V6654Q78C4;
				ENABLE_PREVIEWS = YES;
				GENERATE_INFOPLIST_FILE = YES;
				INFOPLIST_FILE = ZhongYangQiXiang/Info.plist;
				INFOPLIST_KEY_UIApplicationSceneManifest_Generation = YES;
				INFOPLIST_KEY_UIApplicationSupportsIndirectInputEvents = YES;
				INFOPLIST_KEY_UILaunchScreen_Generation = YES;
				INFOPLIST_KEY_UISupportedInterfaceOrientations_iPad = "UIInterfaceOrientationPortrait UIInterfaceOrientationPortraitUpsideDown UIInterfaceOrientationLandscapeLeft UIInterfaceOrientationLandscapeRight";
				INFOPLIST_KEY_UISupportedInterfaceOrientations_iPhone = "UIInterfaceOrientationPortrait UIInterfaceOrientationLandscapeLeft UIInterfaceOrientationLandscapeRight";
				LD_RUNPATH_SEARCH_PATHS = (
					"$(inherited)",
					"@executable_path/Frameworks",
				);
				MARKETING_VERSION = 1.0;
				PRODUCT_BUNDLE_IDENTIFIER = com.fyqx.www.ZhongYangQiXiang;
				PRODUCT_NAME = "$(TARGET_NAME)";
				SWIFT_EMIT_LOC_STRINGS = YES;
				SWIFT_VERSION = 5.0;
				TARGETED_DEVICE_FAMILY = "1,2";
			};
			name = Release;
		};
/* End XCBuildConfiguration section */

/* Begin XCConfigurationList section */
		A09B189F2D8BEDA10039AB93 /* Build configuration list for PBXProject "ZhongYangQiXiang" */ = {
			isa = XCConfigurationList;
			buildConfigurations = (
				A09B18B02D8BEDA20039AB93 /* Debug */,
				A09B18B12D8BEDA20039AB93 /* Release */,
			);
			defaultConfigurationIsVisible = 0;
			defaultConfigurationName = Release;
		};
		A09B18B22D8BEDA20039AB93 /* Build configuration list for PBXNativeTarget "ZhongYangQiXiang" */ = {
			isa = XCConfigurationList;
			buildConfigurations = (
				A09B18B32D8BEDA20039AB93 /* Debug */,
				A09B18B42D8BEDA20039AB93 /* Release */,
			);
			defaultConfigurationIsVisible = 0;
			defaultConfigurationName = Release;
		};
/* End XCConfigurationList section */

/* Begin XCLocalSwiftPackageReference section */
		A03493FF2D8D1181000E6795 /* XCLocalSwiftPackageReference "../../Downloads/LookinServer-develop" */ = {
			isa = XCLocalSwiftPackageReference;
			relativePath = "../../Downloads/LookinServer-develop";
		};
/* End XCLocalSwiftPackageReference section */

/* Begin XCRemoteSwiftPackageReference section */
		A03494022D8D13A1000E6795 /* XCRemoteSwiftPackageReference "Moya" */ = {
			isa = XCRemoteSwiftPackageReference;
			repositoryURL = "https://github.com/Moya/Moya.git";
			requirement = {
				kind = upToNextMajorVersion;
				minimumVersion = 15.0.3;
			};
		};
/* End XCRemoteSwiftPackageReference section */

/* Begin XCSwiftPackageProductDependency section */
		A03494002D8D1181000E6795 /* LookinServer */ = {
			isa = XCSwiftPackageProductDependency;
			productName = LookinServer;
		};
		A03494032D8D13A1000E6795 /* CombineMoya */ = {
			isa = XCSwiftPackageProductDependency;
			package = A03494022D8D13A1000E6795 /* XCRemoteSwiftPackageReference "Moya" */;
			productName = CombineMoya;
		};
		A03494052D8D13A1000E6795 /* Moya */ = {
			isa = XCSwiftPackageProductDependency;
			package = A03494022D8D13A1000E6795 /* XCRemoteSwiftPackageReference "Moya" */;
			productName = Moya;
		};
/* End XCSwiftPackageProductDependency section */
	};
	rootObject = A09B189C2D8BEDA10039AB93 /* Project object */;
}
